{
  "name": "react-admin",
  "version": "0.1.0",
  "lockfileVersion": 1,
  "requires": true,
  "dependencies": {
    "dayjs": {
      "version": "1.8.8",
      "resolved": "https://registry.npmjs.org/dayjs/-/dayjs-1.8.8.tgz",
      "integrity": "sha512-qBY3kVAVJMxzS4e7DAwZZ/SSiO/DBXbvc/qqbyf1FbsZrxBq81QPdUEWhiPu8Fragf5RfHsLwtH8kCGwKL4qLQ=="
    }
  }
}
